// !$*UTF8*$!
{
	archiveVersion = 1;
	classes = {
	};
	objectVersion = 55;
	objects = {

/* Begin PBXBuildFile section */
		ADFA54F22804EA2400CFB6AF /* AppDelegate.swift in Sources */ = {isa = PBXBuildFile; fileRef = ADFA54F12804EA2400CFB6AF /* AppDelegate.swift */; };
		ADFA54F42804EA2400CFB6AF /* SceneDelegate.swift in Sources */ = {isa = PBXBuildFile; fileRef = ADFA54F32804EA2400CFB6AF /* SceneDelegate.swift */; };
		ADFA54F62804EA2400CFB6AF /* ViewController.swift in Sources */ = {isa = PBXBuildFile; fileRef = ADFA54F52804EA2400CFB6AF /* ViewController.swift */; };
		ADFA54FB2804EA2600CFB6AF /* Assets.xcassets in Resources */ = {isa = PBXBuildFile; fileRef = ADFA54FA2804EA2600CFB6AF /* Assets.xcassets */; };
		ADFA54FE2804EA2600CFB6AF /* LaunchScreen.storyboard in Resources */ = {isa = PBXBuildFile; fileRef = ADFA54FC2804EA2600CFB6AF /* LaunchScreen.storyboard */; };
		ADFA55072804EEA400CFB6AF /* SnapKit in Frameworks */ = {isa = PBXBuildFile; productRef = ADFA55062804EEA400CFB6AF /* SnapKit */; };
		ADFA550A2804EEC600CFB6AF /* RxCocoa in Frameworks */ = {isa = PBXBuildFile; productRef = ADFA55092804EEC600CFB6AF /* RxCocoa */; };
		ADFA550C2804EEC600CFB6AF /* RxRelay in Frameworks */ = {isa = PBXBuildFile; productRef = ADFA550B2804EEC600CFB6AF /* RxRelay */; };
		ADFA550E2804EEC600CFB6AF /* RxSwift in Frameworks */ = {isa = PBXBuildFile; productRef = ADFA550D2804EEC600CFB6AF /* RxSwift */; };
		ADFA55102804F11700CFB6AF /* WriteViewController.swift in Sources */ = {isa = PBXBuildFile; fileRef = ADFA550F2804F11700CFB6AF /* WriteViewController.swift */; };
		ADFA55132804F47D00CFB6AF /* Separator.swift in Sources */ = {isa = PBXBuildFile; fileRef = ADFA55122804F47D00CFB6AF /* Separator.swift */; };
/* End PBXBuildFile section */

/* Begin PBXFileReference section */
		ADFA54EE2804EA2400CFB6AF /* CustomePicker.app */ = {isa = PBXFileReference; explicitFileType = wrapper.application; includeInIndex = 0; path = CustomePicker.app; sourceTree = BUILT_PRODUCTS_DIR; };
		ADFA54F12804EA2400CFB6AF /* AppDelegate.swift */ = {isa = PBXFileReference; lastKnownFileType = sourcecode.swift; path = AppDelegate.swift; sourceTree = "<group>"; };
		ADFA54F32804EA2400CFB6AF /* SceneDelegate.swift */ = {isa = PBXFileReference; lastKnownFileType = sourcecode.swift; path = SceneDelegate.swift; sourceTree = "<group>"; };
		ADFA54F52804EA2400CFB6AF /* ViewController.swift */ = {isa = PBXFileReference; lastKnownFileType = sourcecode.swift; path = ViewController.swift; sourceTree = "<group>"; };
		ADFA54FA2804EA2600CFB6AF /* Assets.xcassets */ = {isa = PBXFileReference; lastKnownFileType = folder.assetcatalog; path = Assets.xcassets; sourceTree = "<group>"; };
		ADFA54FD2804EA2600CFB6AF /* Base */ = {isa = PBXFileReference; lastKnownFileType = file.storyboard; name = Base; path = Base.lproj/LaunchScreen.storyboard; sourceTree = "<group>"; };
		ADFA54FF2804EA2600CFB6AF /* Info.plist */ = {isa = PBXFileReference; lastKnownFileType = text.plist.xml; path = Info.plist; sourceTree = "<group>"; };
		ADFA550F2804F11700CFB6AF /* WriteViewController.swift */ = {isa = PBXFileReference; lastKnownFileType = sourcecode.swift; path = WriteViewController.swift; sourceTree = "<group>"; };
		ADFA55122804F47D00CFB6AF /* Separator.swift */ = {isa = PBXFileReference; lastKnownFileType = sourcecode.swift; path = Separator.swift; sourceTree = "<group>"; };
/* End PBXFileReference section */

/* Begin PBXFrameworksBuildPhase section */
		ADFA54EB2804EA2400CFB6AF /* Frameworks */ = {
			isa = PBXFrameworksBuildPhase;
			buildActionMask = 2147483647;
			files = (
				ADFA550C2804EEC600CFB6AF /* RxRelay in Frameworks */,
				ADFA550A2804EEC600CFB6AF /* RxCocoa in Frameworks */,
				ADFA550E2804EEC600CFB6AF /* RxSwift in Frameworks */,
				ADFA55072804EEA400CFB6AF /* SnapKit in Frameworks */,
			);
			runOnlyForDeploymentPostprocessing = 0;
		};
/* End PBXFrameworksBuildPhase section */

/* Begin PBXGroup section */
		ADFA54E52804EA2400CFB6AF = {
			isa = PBXGroup;
			children = (
				ADFA54F02804EA2400CFB6AF /* CustomePicker */,
				ADFA54EF2804EA2400CFB6AF /* Products */,
			);
			sourceTree = "<group>";
		};
		ADFA54EF2804EA2400CFB6AF /* Products */ = {
			isa = PBXGroup;
			children = (
				ADFA54EE2804EA2400CFB6AF /* CustomePicker.app */,
			);
			name = Products;
			sourceTree = "<group>";
		};
		ADFA54F02804EA2400CFB6AF /* CustomePicker */ = {
			isa = PBXGroup;
			children = (
				ADFA54F12804EA2400CFB6AF /* AppDelegate.swift */,
				ADFA54F32804EA2400CFB6AF /* SceneDelegate.swift */,
				ADFA55112804F11F00CFB6AF /* Scene */,
				ADFA54FA2804EA2600CFB6AF /* Assets.xcassets */,
				ADFA54FC2804EA2600CFB6AF /* LaunchScreen.storyboard */,
				ADFA54FF2804EA2600CFB6AF /* Info.plist */,
			);
			path = CustomePicker;
			sourceTree = "<group>";
		};
		ADFA55112804F11F00CFB6AF /* Scene */ = {
			isa = PBXGroup;
			children = (
				ADFA54F52804EA2400CFB6AF /* ViewController.swift */,
				ADFA550F2804F11700CFB6AF /* WriteViewController.swift */,
				ADFA55122804F47D00CFB6AF /* Separator.swift */,
			);
			path = Scene;
			sourceTree = "<group>";
		};
/* End PBXGroup section */

/* Begin PBXNativeTarget section */
		ADFA54ED2804EA2400CFB6AF /* CustomePicker */ = {
			isa = PBXNativeTarget;
			buildConfigurationList = ADFA55022804EA2600CFB6AF /* Build configuration list for PBXNativeTarget "CustomePicker" */;
			buildPhases = (
				ADFA54EA2804EA2400CFB6AF /* Sources */,
				ADFA54EB2804EA2400CFB6AF /* Frameworks */,
				ADFA54EC2804EA2400CFB6AF /* Resources */,
			);
			buildRules = (
			);
			dependencies = (
			);
			name = CustomePicker;
			packageProductDependencies = (
				ADFA55062804EEA400CFB6AF /* SnapKit */,
				ADFA55092804EEC600CFB6AF /* RxCocoa */,
				ADFA550B2804EEC600CFB6AF /* RxRelay */,
				ADFA550D2804EEC600CFB6AF /* RxSwift */,
			);
			productName = CustomePicker;
			productReference = ADFA54EE2804EA2400CFB6AF /* CustomePicker.app */;
			productType = "com.apple.product-type.application";
		};
/* End PBXNativeTarget section */

/* Begin PBXProject section */
		ADFA54E62804EA2400CFB6AF /* Project object */ = {
			isa = PBXProject;
			attributes = {
				BuildIndependentTargetsInParallel = 1;
				LastSwiftUpdateCheck = 1320;
				LastUpgradeCheck = 1320;
				TargetAttributes = {
					ADFA54ED2804EA2400CFB6AF = {
						CreatedOnToolsVersion = 13.2.1;
					};
				};
			};
			buildConfigurationList = ADFA54E92804EA2400CFB6AF /* Build configuration list for PBXProject "CustomePicker" */;
			compatibilityVersion = "Xcode 13.0";
			developmentRegion = en;
			hasScannedForEncodings = 0;
			knownRegions = (
				en,
				Base,
			);
			mainGroup = ADFA54E52804EA2400CFB6AF;
			packageReferences = (
				ADFA55052804EEA400CFB6AF /* XCRemoteSwiftPackageReference "SnapKit" */,
				ADFA55082804EEC600CFB6AF /* XCRemoteSwiftPackageReference "RxSwift" */,
			);
			productRefGroup = ADFA54EF2804EA2400CFB6AF /* Products */;
			projectDirPath = "";
			projectRoot = "";
			targets = (
				ADFA54ED2804EA2400CFB6AF /* CustomePicker */,
			);
		};
/* End PBXProject section */

/* Begin PBXResourcesBuildPhase section */
		ADFA54EC2804EA2400CFB6AF /* Resources */ = {
			isa = PBXResourcesBuildPhase;
			buildActionMask = 2147483647;
			files = (
				ADFA54FE2804EA2600CFB6AF /* LaunchScreen.storyboard in Resources */,
				ADFA54FB2804EA2600CFB6AF /* Assets.xcassets in Resources */,
			);
			runOnlyForDeploymentPostprocessing = 0;
		};
/* End PBXResourcesBuildPhase section */

/* Begin PBXSourcesBuildPhase section */
		ADFA54EA2804EA2400CFB6AF /* Sources */ = {
			isa = PBXSourcesBuildPhase;
			buildActionMask = 2147483647;
			files = (
				ADFA54F62804EA2400CFB6AF /* ViewController.swift in Sources */,
				ADFA54F22804EA2400CFB6AF /* AppDelegate.swift in Sources */,
				ADFA55132804F47D00CFB6AF /* Separator.swift in Sources */,
				ADFA55102804F11700CFB6AF /* WriteViewController.swift in Sources */,
				ADFA54F42804EA2400CFB6AF /* SceneDelegate.swift in Sources */,
			);
			runOnlyForDeploymentPostprocessing = 0;
		};
/* End PBXSourcesBuildPhase section */

/* Begin PBXVariantGroup section */
		ADFA54FC2804EA2600CFB6AF /* LaunchScreen.storyboard */ = {
			isa = PBXVariantGroup;
			children = (
				ADFA54FD2804EA2600CFB6AF /* Base */,
			);
			name = LaunchScreen.storyboard;
			sourceTree = "<group>";
		};
/* End PBXVariantGroup section */

/* Begin XCBuildConfiguration section */
		ADFA55002804EA2600CFB6AF /* Debug */ = {
			isa = XCBuildConfiguration;
			buildSettings = {
				ALWAYS_SEARCH_USER_PATHS = NO;
				CLANG_ANALYZER_NONNULL = YES;
				CLANG_ANALYZER_NUMBER_OBJECT_CONVERSION = YES_AGGRESSIVE;
				CLANG_CXX_LANGUAGE_STANDARD = "gnu++17";
				CLANG_CXX_LIBRARY = "libc++";
				CLANG_ENABLE_MODULES = YES;
				CLANG_ENABLE_OBJC_ARC = YES;
				CLANG_ENABLE_OBJC_WEAK = YES;
				CLANG_WARN_BLOCK_CAPTURE_AUTORELEASING = YES;
				CLANG_WARN_BOOL_CONVERSION = YES;
				CLANG_WARN_COMMA = YES;
				CLANG_WARN_CONSTANT_CONVERSION = YES;
				CLANG_WARN_DEPRECATED_OBJC_IMPLEMENTATIONS = YES;
				CLANG_WARN_DIRECT_OBJC_ISA_USAGE = YES_ERROR;
				CLANG_WARN_DOCUMENTATION_COMMENTS = YES;
				CLANG_WARN_EMPTY_BODY = YES;
				CLANG_WARN_ENUM_CONVERSION = YES;
				CLANG_WARN_INFINITE_RECURSION = YES;
				CLANG_WARN_INT_CONVERSION = YES;
				CLANG_WARN_NON_LITERAL_NULL_CONVERSION = YES;
				CLANG_WARN_OBJC_IMPLICIT_RETAIN_SELF = YES;
				CLANG_WARN_OBJC_LITERAL_CONVERSION = YES;
				CLANG_WARN_OBJC_ROOT_CLASS = YES_ERROR;
				CLANG_WARN_QUOTED_INCLUDE_IN_FRAMEWORK_HEADER = YES;
				CLANG_WARN_RANGE_LOOP_ANALYSIS = YES;
				CLANG_WARN_STRICT_PROTOTYPES = YES;
				CLANG_WARN_SUSPICIOUS_MOVE = YES;
				CLANG_WARN_UNGUARDED_AVAILABILITY = YES_AGGRESSIVE;
				CLANG_WARN_UNREACHABLE_CODE = YES;
				CLANG_WARN__DUPLICATE_METHOD_MATCH = YES;
				COPY_PHASE_STRIP = NO;
				DEBUG_INFORMATION_FORMAT = dwarf;
				ENABLE_STRICT_OBJC_MSGSEND = YES;
				ENABLE_TESTABILITY = YES;
				GCC_C_LANGUAGE_STANDARD = gnu11;
				GCC_DYNAMIC_NO_PIC = NO;
				GCC_NO_COMMON_BLOCKS = YES;
				GCC_OPTIMIZATION_LEVEL = 0;
				GCC_PREPROCESSOR_DEFINITIONS = (
					"DEBUG=1",
					"$(inherited)",
				);
				GCC_WARN_64_TO_32_BIT_CONVERSION = YES;
				GCC_WARN_ABOUT_RETURN_TYPE = YES_ERROR;
				GCC_WARN_UNDECLARED_SELECTOR = YES;
				GCC_WARN_UNINITIALIZED_AUTOS = YES_AGGRESSIVE;
				GCC_WARN_UNUSED_FUNCTION = YES;
				GCC_WARN_UNUSED_VARIABLE = YES;
				IPHONEOS_DEPLOYMENT_TARGET = 15.2;
				MTL_ENABLE_DEBUG_INFO = INCLUDE_SOURCE;
				MTL_FAST_MATH = YES;
				ONLY_ACTIVE_ARCH = YES;
				SDKROOT = iphoneos;
				SWIFT_ACTIVE_COMPILATION_CONDITIONS = DEBUG;
				SWIFT_OPTIMIZATION_LEVEL = "-Onone";
			};
			name = Debug;
		};
		ADFA55012804EA2600CFB6AF /* Release */ = {
			isa = XCBuildConfiguration;
			buildSettings = {
				ALWAYS_SEARCH_USER_PATHS = NO;
				CLANG_ANALYZER_NONNULL = YES;
				CLANG_ANALYZER_NUMBER_OBJECT_CONVERSION = YES_AGGRESSIVE;
				CLANG_CXX_LANGUAGE_STANDARD = "gnu++17";
				CLANG_CXX_LIBRARY = "libc++";
				CLANG_ENABLE_MODULES = YES;
				CLANG_ENABLE_OBJC_ARC = YES;
				CLANG_ENABLE_OBJC_WEAK = YES;
				CLANG_WARN_BLOCK_CAPTURE_AUTORELEASING = YES;
				CLANG_WARN_BOOL_CONVERSION = YES;
				CLANG_WARN_COMMA = YES;
				CLANG_WARN_CONSTANT_CONVERSION = YES;
				CLANG_WARN_DEPRECATED_OBJC_IMPLEMENTATIONS = YES;
				CLANG_WARN_DIRECT_OBJC_ISA_USAGE = YES_ERROR;
				CLANG_WARN_DOCUMENTATION_COMMENTS = YES;
				CLANG_WARN_EMPTY_BODY = YES;
				CLANG_WARN_ENUM_CONVERSION = YES;
				CLANG_WARN_INFINITE_RECURSION = YES;
				CLANG_WARN_INT_CONVERSION = YES;
				CLANG_WARN_NON_LITERAL_NULL_CONVERSION = YES;
				CLANG_WARN_OBJC_IMPLICIT_RETAIN_SELF = YES;
				CLANG_WARN_OBJC_LITERAL_CONVERSION = YES;
				CLANG_WARN_OBJC_ROOT_CLASS = YES_ERROR;
				CLANG_WARN_QUOTED_INCLUDE_IN_FRAMEWORK_HEADER = YES;
				CLANG_WARN_RANGE_LOOP_ANALYSIS = YES;
				CLANG_WARN_STRICT_PROTOTYPES = YES;
				CLANG_WARN_SUSPICIOUS_MOVE = YES;
				CLANG_WARN_UNGUARDED_AVAILABILITY = YES_AGGRESSIVE;
				CLANG_WARN_UNREACHABLE_CODE = YES;
				CLANG_WARN__DUPLICATE_METHOD_MATCH = YES;
				COPY_PHASE_STRIP = NO;
				DEBUG_INFORMATION_FORMAT = "dwarf-with-dsym";
				ENABLE_NS_ASSERTIONS = NO;
				ENABLE_STRICT_OBJC_MSGSEND = YES;
				GCC_C_LANGUAGE_STANDARD = gnu11;
				GCC_NO_COMMON_BLOCKS = YES;
				GCC_WARN_64_TO_32_BIT_CONVERSION = YES;
				GCC_WARN_ABOUT_RETURN_TYPE = YES_ERROR;
				GCC_WARN_UNDECLARED_SELECTOR = YES;
				GCC_WARN_UNINITIALIZED_AUTOS = YES_AGGRESSIVE;
				GCC_WARN_UNUSED_FUNCTION = YES;
				GCC_WARN_UNUSED_VARIABLE = YES;
				IPHONEOS_DEPLOYMENT_TARGET = 15.2;
				MTL_ENABLE_DEBUG_INFO = NO;
				MTL_FAST_MATH = YES;
				SDKROOT = iphoneos;
				SWIFT_COMPILATION_MODE = wholemodule;
				SWIFT_OPTIMIZATION_LEVEL = "-O";
				VALIDATE_PRODUCT = YES;
			};
			name = Release;
		};
		ADFA55032804EA2600CFB6AF /* Debug */ = {
			isa = XCBuildConfiguration;
			buildSettings = {
				ASSETCATALOG_COMPILER_APPICON_NAME = AppIcon;
				ASSETCATALOG_COMPILER_GLOBAL_ACCENT_COLOR_NAME = AccentColor;
				CODE_SIGN_STYLE = Automatic;
				CURRENT_PROJECT_VERSION = 1;
				DEVELOPMENT_TEAM = HDFLLXK789;
				GENERATE_INFOPLIST_FILE = YES;
				INFOPLIST_FILE = CustomePicker/Info.plist;
				INFOPLIST_KEY_UIApplicationSupportsIndirectInputEvents = YES;
				INFOPLIST_KEY_UILaunchStoryboardName = LaunchScreen;
				INFOPLIST_KEY_UISupportedInterfaceOrientations_iPad = "UIInterfaceOrientationPortrait UIInterfaceOrientationPortraitUpsideDown UIInterfaceOrientationLandscapeLeft UIInterfaceOrientationLandscapeRight";
				INFOPLIST_KEY_UISupportedInterfaceOrientations_iPhone = "UIInterfaceOrientationPortrait UIInterfaceOrientationLandscapeLeft UIInterfaceOrientationLandscapeRight";
				LD_RUNPATH_SEARCH_PATHS = (
					"$(inherited)",
					"@executable_path/Frameworks",
				);
				MARKETING_VERSION = 1.0;
				PRODUCT_BUNDLE_IDENTIFIER = com.ycompany.CustomePicker;
				PRODUCT_NAME = "$(TARGET_NAME)";
				SWIFT_EMIT_LOC_STRINGS = YES;
				SWIFT_VERSION = 5.0;
				TARGETED_DEVICE_FAMILY = "1,2";
			};
			name = Debug;
		};
		ADFA55042804EA2600CFB6AF /* Release */ = {
			isa = XCBuildConfiguration;
			buildSettings = {
				ASSETCATALOG_COMPILER_APPICON_NAME = AppIcon;
				ASSETCATALOG_COMPILER_GLOBAL_ACCENT_COLOR_NAME = AccentColor;
				CODE_SIGN_STYLE = Automatic;
				CURRENT_PROJECT_VERSION = 1;
				DEVELOPMENT_TEAM = HDFLLXK789;
				GENERATE_INFOPLIST_FILE = YES;
				INFOPLIST_FILE = CustomePicker/Info.plist;
				INFOPLIST_KEY_UIApplicationSupportsIndirectInputEvents = YES;
				INFOPLIST_KEY_UILaunchStoryboardName = LaunchScreen;
				INFOPLIST_KEY_UISupportedInterfaceOrientations_iPad = "UIInterfaceOrientationPortrait UIInterfaceOrientationPortraitUpsideDown UIInterfaceOrientationLandscapeLeft UIInterfaceOrientationLandscapeRight";
				INFOPLIST_KEY_UISupportedInterfaceOrientations_iPhone = "UIInterfaceOrientationPortrait UIInterfaceOrientationLandscapeLeft UIInterfaceOrientationLandscapeRight";
				LD_RUNPATH_SEARCH_PATHS = (
					"$(inherited)",
					"@executable_path/Frameworks",
				);
				MARKETING_VERSION = 1.0;
				PRODUCT_BUNDLE_IDENTIFIER = com.ycompany.CustomePicker;
				PRODUCT_NAME = "$(TARGET_NAME)";
				SWIFT_EMIT_LOC_STRINGS = YES;
				SWIFT_VERSION = 5.0;
				TARGETED_DEVICE_FAMILY = "1,2";
			};
			name = Release;
		};
/* End XCBuildConfiguration section */

/* Begin XCConfigurationList section */
		ADFA54E92804EA2400CFB6AF /* Build configuration list for PBXProject "CustomePicker" */ = {
			isa = XCConfigurationList;
			buildConfigurations = (
				ADFA55002804EA2600CFB6AF /* Debug */,
				ADFA55012804EA2600CFB6AF /* Release */,
			);
			defaultConfigurationIsVisible = 0;
			defaultConfigurationName = Release;
		};
		ADFA55022804EA2600CFB6AF /* Build configuration list for PBXNativeTarget "CustomePicker" */ = {
			isa = XCConfigurationList;
			buildConfigurations = (
				ADFA55032804EA2600CFB6AF /* Debug */,
				ADFA55042804EA2600CFB6AF /* Release */,
			);
			defaultConfigurationIsVisible = 0;
			defaultConfigurationName = Release;
		};
/* End XCConfigurationList section */

/* Begin XCRemoteSwiftPackageReference section */
		ADFA55052804EEA400CFB6AF /* XCRemoteSwiftPackageReference "SnapKit" */ = {
			isa = XCRemoteSwiftPackageReference;
			repositoryURL = "https://github.com/SnapKit/SnapKit.git";
			requirement = {
				kind = upToNextMajorVersion;
				minimumVersion = 5.0.0;
			};
		};
		ADFA55082804EEC600CFB6AF /* XCRemoteSwiftPackageReference "RxSwift" */ = {
			isa = XCRemoteSwiftPackageReference;
			repositoryURL = "https://github.com/ReactiveX/RxSwift.git";
			requirement = {
				kind = upToNextMajorVersion;
				minimumVersion = 6.0.0;
			};
		};
/* End XCRemoteSwiftPackageReference section */

/* Begin XCSwiftPackageProductDependency section */
		ADFA55062804EEA400CFB6AF /* SnapKit */ = {
			isa = XCSwiftPackageProductDependency;
			package = ADFA55052804EEA400CFB6AF /* XCRemoteSwiftPackageReference "SnapKit" */;
			productName = SnapKit;
		};
		ADFA55092804EEC600CFB6AF /* RxCocoa */ = {
			isa = XCSwiftPackageProductDependency;
			package = ADFA55082804EEC600CFB6AF /* XCRemoteSwiftPackageReference "RxSwift" */;
			productName = RxCocoa;
		};
		ADFA550B2804EEC600CFB6AF /* RxRelay */ = {
			isa = XCSwiftPackageProductDependency;
			package = ADFA55082804EEC600CFB6AF /* XCRemoteSwiftPackageReference "RxSwift" */;
			productName = RxRelay;
		};
		ADFA550D2804EEC600CFB6AF /* RxSwift */ = {
			isa = XCSwiftPackageProductDependency;
			package = ADFA55082804EEC600CFB6AF /* XCRemoteSwiftPackageReference "RxSwift" */;
			productName = RxSwift;
		};
/* End XCSwiftPackageProductDependency section */
	};
	rootObject = ADFA54E62804EA2400CFB6AF /* Project object */;
}
